
Microsoft Visual Studio Solution File, Format Version 12.00
# Visual Studio Version 16
VisualStudioVersion = 16.0.31702.278
MinimumVisualStudioVersion = 10.0.40219.1
Project("{FAE04EC0-301F-11D3-BF4B-00C04F79EFBC}") = "BAEKJOON_2739", "BAEKJOON_2739.csproj", "{84BE750C-C253-4949-BE6A-991D258966CF}"
EndProject
Global
	GlobalSection(SolutionConfigurationPlatforms) = preSolution
		Debug|Any CPU = Debug|Any CPU
		Release|Any CPU = Release|Any CPU
	EndGlobalSection
	GlobalSection(ProjectConfigurationPlatforms) = postSolution
		{84BE750C-C253-4949-BE6A-991D258966CF}.Debug|Any CPU.ActiveCfg = Debug|Any CPU
		{84BE750C-C253-4949-BE6A-991D258966CF}.Debug|Any CPU.Build.0 = Debug|Any CPU
		{84BE750C-C253-4949-BE6A-991D258966CF}.Release|Any CPU.ActiveCfg = Release|Any CPU
		{84BE750C-C253-4949-BE6A-991D258966CF}.Release|Any CPU.Build.0 = Release|Any CPU
	EndGlobalSection
	GlobalSection(SolutionProperties) = preSolution
		HideSolutionNode = FALSE
	EndGlobalSection
	GlobalSection(ExtensibilityGlobals) = postSolution
		SolutionGuid = {68ED3915-433B-466F-B66F-A011357E6BE6}
	EndGlobalSection
EndGlobal
